
Microsoft Visual Studio Solution File, Format Version 12.00
# Visual Studio Version 16
VisualStudioVersion = 16.0.29613.14
MinimumVisualStudioVersion = 10.0.40219.1
Project("{8BC9CEB8-8B4A-11D0-8D11-00A0C91BC942}") = "ways_to_run_up_stairs", "Algorithms.vcxproj", "{2DC82E24-CF3C-4339-9C0F-05C6329BB5EA}"
EndProject
Project("{8BC9CEB8-8B4A-11D0-8D11-00A0C91BC942}") = "ways_robot_move", "..\ways_robot_move\ways_robot_move.vcxproj", "{69B97727-7397-4157-A2CD-C28692ECE948}"
EndProject
Project("{8BC9CEB8-8B4A-11D0-8D11-00A0C91BC942}") = "stack_of_boxes", "stack_of_boxes\stack_of_boxes.vcxproj", "{3C2EFFDB-2E11-42DB-BC2A-683A89C5F303}"
EndProject
Project("{8BC9CEB8-8B4A-11D0-8D11-00A0C91BC942}") = "is_routable", "..\is_routable\is_routable.vcxproj", "{AF494144-03E9-4403-B242-6B260C3AE6E8}"
EndProject
Project("{8BC9CEB8-8B4A-11D0-8D11-00A0C91BC942}") = "shortest_path", "shortest_path\shortest_path.vcxproj", "{965911F6-B78A-481E-AE3D-D6806316211F}"
EndProject
Project("{8BC9CEB8-8B4A-11D0-8D11-00A0C91BC942}") = "tree_successor", "tree_successor\tree_successor.vcxproj", "{0F8EDA91-7F78-47B6-8D51-B81C9A350783}"
EndProject
Project("{8BC9CEB8-8B4A-11D0-8D11-00A0C91BC942}") = "tree_common_ancestor", "tree_common_ancestor\tree_common_ancestor.vcxproj", "{CA756D1F-C897-4760-953B-026D11B97E6A}"
EndProject
Project("{8BC9CEB8-8B4A-11D0-8D11-00A0C91BC942}") = "path_len_two_node", "path_len_two_node\path_len_two_node.vcxproj", "{63196EC1-F450-42BC-9B52-7B80147E83BA}"
EndProject
Project("{8BC9CEB8-8B4A-11D0-8D11-00A0C91BC942}") = "bst_iter", "..\bst_iter\bst_iter.vcxproj", "{6A36E823-52F4-427F-9A71-2BD4C8C2D697}"
EndProject
Project("{8BC9CEB8-8B4A-11D0-8D11-00A0C91BC942}") = "all_subsets", "all_subsets\all_subsets.vcxproj", "{C627BC1E-0A52-4351-A2A7-DCD780110220}"
EndProject
Project("{8BC9CEB8-8B4A-11D0-8D11-00A0C91BC942}") = "transform_sorted_array", "transform_sorted_array\transform_sorted_array.vcxproj", "{7E3FD6F1-CB50-42BD-9182-102A5FE28456}"
EndProject
Project("{8BC9CEB8-8B4A-11D0-8D11-00A0C91BC942}") = "path_of_sum", "path_of_sum\path_of_sum.vcxproj", "{32955454-EAAE-4A7A-914B-A513C028177A}"
EndProject
Project("{8BC9CEB8-8B4A-11D0-8D11-00A0C91BC942}") = "merge_sort", "merge_sort\merge_sort.vcxproj", "{3333E436-0F70-49D8-A17C-D6FA7DDCE849}"
EndProject
Project("{8BC9CEB8-8B4A-11D0-8D11-00A0C91BC942}") = "missing_int", "missing_int\missing_int.vcxproj", "{C3D0A305-9589-4BD8-A1A2-756DF3864ED5}"
EndProject
Project("{8BC9CEB8-8B4A-11D0-8D11-00A0C91BC942}") = "min_stack", "..\min_stack\min_stack.vcxproj", "{FD8270C2-5428-4A1F-A6E5-12DC0271F590}"
EndProject
Project("{8BC9CEB8-8B4A-11D0-8D11-00A0C91BC942}") = "animal_shelter", "animal_shelter\animal_shelter.vcxproj", "{BD56790A-6759-44C0-86FD-A5D37509A654}"
EndProject
Project("{8BC9CEB8-8B4A-11D0-8D11-00A0C91BC942}") = "living_people", "living_people\living_people.vcxproj", "{B438510E-D1A7-4307-ACFC-8EBEE2B2A098}"
EndProject
Project("{8BC9CEB8-8B4A-11D0-8D11-00A0C91BC942}") = "rotate_array", "rotate_array\rotate_array.vcxproj", "{29895122-D7D2-40FD-93D1-9B5F5ADDD384}"
EndProject
Project("{8BC9CEB8-8B4A-11D0-8D11-00A0C91BC942}") = "urlify", "urlify\urlify.vcxproj", "{17CB6D19-F06C-4FEA-B839-8014D4A6AE4D}"
EndProject
Project("{8BC9CEB8-8B4A-11D0-8D11-00A0C91BC942}") = "palperm", "palperm\palperm.vcxproj", "{3285689E-02B6-4ECB-89C5-EABF0D3DD406}"
EndProject
Project("{8BC9CEB8-8B4A-11D0-8D11-00A0C91BC942}") = "one_edit_away", "one_edit_away\one_edit_away.vcxproj", "{9551B0C7-E932-440E-AA7C-F997374CA91E}"
EndProject
Project("{8BC9CEB8-8B4A-11D0-8D11-00A0C91BC942}") = "str_compression", "str_compression\str_compression.vcxproj", "{62B2BBD0-9A89-4F7D-86D8-2EB6C9283CA3}"
EndProject
Project("{8BC9CEB8-8B4A-11D0-8D11-00A0C91BC942}") = "zero_matrix", "zero_matrix\zero_matrix.vcxproj", "{AC3BD41C-D159-4C53-8A2B-F90E18B2B48F}"
EndProject
Project("{8BC9CEB8-8B4A-11D0-8D11-00A0C91BC942}") = "is_rotation", "is_rotation\is_rotation.vcxproj", "{6FF3CDB8-85C3-4421-B5B4-7972C9F0C6F3}"
EndProject
Project("{8BC9CEB8-8B4A-11D0-8D11-00A0C91BC942}") = "kth_to_last", "kth_to_last\kth_to_last.vcxproj", "{884407D3-FABC-421C-BD36-6F68ECF3E07A}"
EndProject
Project("{8BC9CEB8-8B4A-11D0-8D11-00A0C91BC942}") = "partition_list", "partition_list\partition_list.vcxproj", "{04747A43-486C-4CC5-985A-A58EE2C1F77E}"
EndProject
Project("{8BC9CEB8-8B4A-11D0-8D11-00A0C91BC942}") = "queue_via_stack", "queue_via_stack\queue_via_stack.vcxproj", "{909B1592-EEA5-4AC1-ADB7-AAA565EE4067}"
EndProject
Project("{8BC9CEB8-8B4A-11D0-8D11-00A0C91BC942}") = "sort_stack", "sort_stack\sort_stack.vcxproj", "{B19E65C1-5A48-4471-BEAE-AC4AFFDC65F0}"
EndProject
Project("{8BC9CEB8-8B4A-11D0-8D11-00A0C91BC942}") = "heap", "heap\heap.vcxproj", "{9D682CC6-E1E1-42AA-AFC7-2AE4CA8F0EAA}"
EndProject
Project("{8BC9CEB8-8B4A-11D0-8D11-00A0C91BC942}") = "concurrent_queue", "concurrent_queue\concurrent_queue.vcxproj", "{F6DF195F-9C67-4400-90CE-8061F2DDF3F9}"
EndProject
Project("{8BC9CEB8-8B4A-11D0-8D11-00A0C91BC942}") = "depth_list", "depth_list\depth_list.vcxproj", "{15B1B67E-034D-41E9-9509-5E7B14177130}"
EndProject
Project("{8BC9CEB8-8B4A-11D0-8D11-00A0C91BC942}") = "is_bst", "is_bst\is_bst.vcxproj", "{8B67FCF7-504D-4724-9319-190932F30B24}"
EndProject
Project("{8BC9CEB8-8B4A-11D0-8D11-00A0C91BC942}") = "common_ancestor", "..\common_ancestor\common_ancestor.vcxproj", "{F0507656-1E17-4721-A1F8-CF763A38F631}"
EndProject
Project("{8BC9CEB8-8B4A-11D0-8D11-00A0C91BC942}") = "permutations", "permutations\permutations.vcxproj", "{B1C844D3-852B-45A5-8D4A-B981B35E1E0C}"
EndProject
Project("{8BC9CEB8-8B4A-11D0-8D11-00A0C91BC942}") = "ThreeSum", "ThreeSum\ThreeSum.vcxproj", "{EA296BE2-6BD5-4DF0-8C4F-09BC638FEE5A}"
EndProject
Project("{8BC9CEB8-8B4A-11D0-8D11-00A0C91BC942}") = "FourSum", "FourSum\FourSum.vcxproj", "{F0329045-56FA-4C79-88FF-CA2091C34538}"
EndProject
Project("{8BC9CEB8-8B4A-11D0-8D11-00A0C91BC942}") = "CombinationSum", "CombinationSum\CombinationSum.vcxproj", "{C8778829-5F7C-478C-B587-827775F555B0}"
EndProject
Project("{8BC9CEB8-8B4A-11D0-8D11-00A0C91BC942}") = "BstToList", "BstToList\BstToList.vcxproj", "{B926BF20-26AE-4A44-BF1C-21438C5D33CC}"
EndProject
Project("{8BC9CEB8-8B4A-11D0-8D11-00A0C91BC942}") = "permute_unique", "permute_unique\permute_unique.vcxproj", "{C38C9835-7AB1-4747-BE5C-5E4A6B6A09C8}"
EndProject
Project("{8BC9CEB8-8B4A-11D0-8D11-00A0C91BC942}") = "regex", "regex\regex.vcxproj", "{8ACD11E5-A618-4341-9544-F074699B7F21}"
EndProject
Project("{8BC9CEB8-8B4A-11D0-8D11-00A0C91BC942}") = "longest_valid_paren", "longest_valid_paren\longest_valid_paren.vcxproj", "{AEC69E70-0DE2-41E1-A24B-DD03F4DB719F}"
EndProject
Project("{8BC9CEB8-8B4A-11D0-8D11-00A0C91BC942}") = "equal_range", "..\equal_range\equal_range.vcxproj", "{7C148111-4A41-4DD7-AF54-502BEECE7CC6}"
EndProject
Project("{8BC9CEB8-8B4A-11D0-8D11-00A0C91BC942}") = "rotated_sorted_array_search", "rotated_sorted_array_search\rotated_sorted_array_search.vcxproj", "{7EBCC02A-0F60-4278-960F-D8A3E4518CD7}"
EndProject
Project("{8BC9CEB8-8B4A-11D0-8D11-00A0C91BC942}") = "mult_str", "mult_str\mult_str.vcxproj", "{80AC9639-F390-4715-9809-97F0D0C2FBB4}"
EndProject
Project("{8BC9CEB8-8B4A-11D0-8D11-00A0C91BC942}") = "jump_game", "jump_game\jump_game.vcxproj", "{538693AB-F653-4712-8BE5-BA3688D6E89A}"
EndProject
Project("{8BC9CEB8-8B4A-11D0-8D11-00A0C91BC942}") = "min_win_substr", "min_win_substr\min_win_substr.vcxproj", "{38B45085-8964-43E8-B0A7-9B8151950DA8}"
EndProject
Project("{8BC9CEB8-8B4A-11D0-8D11-00A0C91BC942}") = "max_dist_to_person", "max_dist_to_person\max_dist_to_person.vcxproj", "{325615AC-BE68-4D68-817E-0F8D8AC85FC0}"
EndProject
Project("{8BC9CEB8-8B4A-11D0-8D11-00A0C91BC942}") = "word_ladder", "word_ladder\word_ladder.vcxproj", "{2B811200-943F-498D-ABFA-9801BE14FF30}"
EndProject
Project("{8BC9CEB8-8B4A-11D0-8D11-00A0C91BC942}") = "course_schedule", "course_schedule\course_schedule.vcxproj", "{3F83740C-CEC7-4021-804D-D4D640E4BB13}"
EndProject
Project("{8BC9CEB8-8B4A-11D0-8D11-00A0C91BC942}") = "longest_increasing_path", "longest_increasing_path\longest_increasing_path.vcxproj", "{C108B064-BE66-4D82-B468-C1C8FDB03FE7}"
EndProject
Project("{8BC9CEB8-8B4A-11D0-8D11-00A0C91BC942}") = "decode_str", "decode_str\decode_str.vcxproj", "{296751D1-B185-4A24-8667-EDD64DB84800}"
EndProject
Project("{8BC9CEB8-8B4A-11D0-8D11-00A0C91BC942}") = "word_search", "word_search\word_search.vcxproj", "{AFB2AD0F-F1AD-45CF-9EF1-B348F8AA920D}"
EndProject
Project("{8BC9CEB8-8B4A-11D0-8D11-00A0C91BC942}") = "insert_interval", "insert_interval\insert_interval.vcxproj", "{C4BE99DF-0F8B-459B-9DB6-58942737ABD0}"
EndProject
Project("{8BC9CEB8-8B4A-11D0-8D11-00A0C91BC942}") = "count_smaller_no", "count_smaller_no\count_smaller_no.vcxproj", "{CAC58D2D-9C8A-4C2B-A11B-710D4DC4C3DC}"
EndProject
Project("{8BC9CEB8-8B4A-11D0-8D11-00A0C91BC942}") = "gas_station", "gas_station\gas_station.vcxproj", "{74659842-CC76-40CD-9233-44B655C9F462}"
EndProject
Project("{8BC9CEB8-8B4A-11D0-8D11-00A0C91BC942}") = "max_prod_subarr", "max_prod_subarr\max_prod_subarr.vcxproj", "{1D6796C1-505A-43AE-A54F-4B3D5C103712}"
EndProject
Project("{8BC9CEB8-8B4A-11D0-8D11-00A0C91BC942}") = "median_of_two_sorted_arrays", "median_of_two_sorted_arrays\median_of_two_sorted_arrays.vcxproj", "{4A2C7EF9-9868-4D8D-AF1F-352ECE099C83}"
EndProject
Project("{8BC9CEB8-8B4A-11D0-8D11-00A0C91BC942}") = "split_arr_largest_sum", "split_arr_largest_sum\split_arr_largest_sum.vcxproj", "{79AB023F-5C54-4DD0-8DCB-BE86F7D31E1C}"
EndProject
Project("{8BC9CEB8-8B4A-11D0-8D11-00A0C91BC942}") = "mountain_target", "mountain_target\mountain_target.vcxproj", "{878BFE82-8526-4087-83B8-148C0D7B6DE2}"
EndProject
Global
	GlobalSection(SolutionConfigurationPlatforms) = preSolution
		Debug|x64 = Debug|x64
		Debug|x86 = Debug|x86
		Release|x64 = Release|x64
		Release|x86 = Release|x86
	EndGlobalSection
	GlobalSection(ProjectConfigurationPlatforms) = postSolution
		{2DC82E24-CF3C-4339-9C0F-05C6329BB5EA}.Debug|x64.ActiveCfg = Debug|x64
		{2DC82E24-CF3C-4339-9C0F-05C6329BB5EA}.Debug|x64.Build.0 = Debug|x64
		{2DC82E24-CF3C-4339-9C0F-05C6329BB5EA}.Debug|x86.ActiveCfg = Debug|Win32
		{2DC82E24-CF3C-4339-9C0F-05C6329BB5EA}.Debug|x86.Build.0 = Debug|Win32
		{2DC82E24-CF3C-4339-9C0F-05C6329BB5EA}.Release|x64.ActiveCfg = Release|x64
		{2DC82E24-CF3C-4339-9C0F-05C6329BB5EA}.Release|x64.Build.0 = Release|x64
		{2DC82E24-CF3C-4339-9C0F-05C6329BB5EA}.Release|x86.ActiveCfg = Release|Win32
		{2DC82E24-CF3C-4339-9C0F-05C6329BB5EA}.Release|x86.Build.0 = Release|Win32
		{69B97727-7397-4157-A2CD-C28692ECE948}.Debug|x64.ActiveCfg = Debug|x64
		{69B97727-7397-4157-A2CD-C28692ECE948}.Debug|x64.Build.0 = Debug|x64
		{69B97727-7397-4157-A2CD-C28692ECE948}.Debug|x86.ActiveCfg = Debug|Win32
		{69B97727-7397-4157-A2CD-C28692ECE948}.Debug|x86.Build.0 = Debug|Win32
		{69B97727-7397-4157-A2CD-C28692ECE948}.Release|x64.ActiveCfg = Release|x64
		{69B97727-7397-4157-A2CD-C28692ECE948}.Release|x64.Build.0 = Release|x64
		{69B97727-7397-4157-A2CD-C28692ECE948}.Release|x86.ActiveCfg = Release|Win32
		{69B97727-7397-4157-A2CD-C28692ECE948}.Release|x86.Build.0 = Release|Win32
		{3C2EFFDB-2E11-42DB-BC2A-683A89C5F303}.Debug|x64.ActiveCfg = Debug|x64
		{3C2EFFDB-2E11-42DB-BC2A-683A89C5F303}.Debug|x64.Build.0 = Debug|x64
		{3C2EFFDB-2E11-42DB-BC2A-683A89C5F303}.Debug|x86.ActiveCfg = Debug|Win32
		{3C2EFFDB-2E11-42DB-BC2A-683A89C5F303}.Debug|x86.Build.0 = Debug|Win32
		{3C2EFFDB-2E11-42DB-BC2A-683A89C5F303}.Release|x64.ActiveCfg = Release|x64
		{3C2EFFDB-2E11-42DB-BC2A-683A89C5F303}.Release|x64.Build.0 = Release|x64
		{3C2EFFDB-2E11-42DB-BC2A-683A89C5F303}.Release|x86.ActiveCfg = Release|Win32
		{3C2EFFDB-2E11-42DB-BC2A-683A89C5F303}.Release|x86.Build.0 = Release|Win32
		{AF494144-03E9-4403-B242-6B260C3AE6E8}.Debug|x64.ActiveCfg = Debug|x64
		{AF494144-03E9-4403-B242-6B260C3AE6E8}.Debug|x64.Build.0 = Debug|x64
		{AF494144-03E9-4403-B242-6B260C3AE6E8}.Debug|x86.ActiveCfg = Debug|Win32
		{AF494144-03E9-4403-B242-6B260C3AE6E8}.Debug|x86.Build.0 = Debug|Win32
		{AF494144-03E9-4403-B242-6B260C3AE6E8}.Release|x64.ActiveCfg = Release|x64
		{AF494144-03E9-4403-B242-6B260C3AE6E8}.Release|x64.Build.0 = Release|x64
		{AF494144-03E9-4403-B242-6B260C3AE6E8}.Release|x86.ActiveCfg = Release|Win32
		{AF494144-03E9-4403-B242-6B260C3AE6E8}.Release|x86.Build.0 = Release|Win32
		{965911F6-B78A-481E-AE3D-D6806316211F}.Debug|x64.ActiveCfg = Debug|x64
		{965911F6-B78A-481E-AE3D-D6806316211F}.Debug|x64.Build.0 = Debug|x64
		{965911F6-B78A-481E-AE3D-D6806316211F}.Debug|x86.ActiveCfg = Debug|Win32
		{965911F6-B78A-481E-AE3D-D6806316211F}.Debug|x86.Build.0 = Debug|Win32
		{965911F6-B78A-481E-AE3D-D6806316211F}.Release|x64.ActiveCfg = Release|x64
		{965911F6-B78A-481E-AE3D-D6806316211F}.Release|x64.Build.0 = Release|x64
		{965911F6-B78A-481E-AE3D-D6806316211F}.Release|x86.ActiveCfg = Release|Win32
		{965911F6-B78A-481E-AE3D-D6806316211F}.Release|x86.Build.0 = Release|Win32
		{0F8EDA91-7F78-47B6-8D51-B81C9A350783}.Debug|x64.ActiveCfg = Debug|x64
		{0F8EDA91-7F78-47B6-8D51-B81C9A350783}.Debug|x64.Build.0 = Debug|x64
		{0F8EDA91-7F78-47B6-8D51-B81C9A350783}.Debug|x86.ActiveCfg = Debug|Win32
		{0F8EDA91-7F78-47B6-8D51-B81C9A350783}.Debug|x86.Build.0 = Debug|Win32
		{0F8EDA91-7F78-47B6-8D51-B81C9A350783}.Release|x64.ActiveCfg = Release|x64
		{0F8EDA91-7F78-47B6-8D51-B81C9A350783}.Release|x64.Build.0 = Release|x64
		{0F8EDA91-7F78-47B6-8D51-B81C9A350783}.Release|x86.ActiveCfg = Release|Win32
		{0F8EDA91-7F78-47B6-8D51-B81C9A350783}.Release|x86.Build.0 = Release|Win32
		{CA756D1F-C897-4760-953B-026D11B97E6A}.Debug|x64.ActiveCfg = Debug|x64
		{CA756D1F-C897-4760-953B-026D11B97E6A}.Debug|x64.Build.0 = Debug|x64
		{CA756D1F-C897-4760-953B-026D11B97E6A}.Debug|x86.ActiveCfg = Debug|Win32
		{CA756D1F-C897-4760-953B-026D11B97E6A}.Debug|x86.Build.0 = Debug|Win32
		{CA756D1F-C897-4760-953B-026D11B97E6A}.Release|x64.ActiveCfg = Release|x64
		{CA756D1F-C897-4760-953B-026D11B97E6A}.Release|x64.Build.0 = Release|x64
		{CA756D1F-C897-4760-953B-026D11B97E6A}.Release|x86.ActiveCfg = Release|Win32
		{CA756D1F-C897-4760-953B-026D11B97E6A}.Release|x86.Build.0 = Release|Win32
		{63196EC1-F450-42BC-9B52-7B80147E83BA}.Debug|x64.ActiveCfg = Debug|x64
		{63196EC1-F450-42BC-9B52-7B80147E83BA}.Debug|x64.Build.0 = Debug|x64
		{63196EC1-F450-42BC-9B52-7B80147E83BA}.Debug|x86.ActiveCfg = Debug|Win32
		{63196EC1-F450-42BC-9B52-7B80147E83BA}.Debug|x86.Build.0 = Debug|Win32
		{63196EC1-F450-42BC-9B52-7B80147E83BA}.Release|x64.ActiveCfg = Release|x64
		{63196EC1-F450-42BC-9B52-7B80147E83BA}.Release|x64.Build.0 = Release|x64
		{63196EC1-F450-42BC-9B52-7B80147E83BA}.Release|x86.ActiveCfg = Release|Win32
		{63196EC1-F450-42BC-9B52-7B80147E83BA}.Release|x86.Build.0 = Release|Win32
		{6A36E823-52F4-427F-9A71-2BD4C8C2D697}.Debug|x64.ActiveCfg = Debug|x64
		{6A36E823-52F4-427F-9A71-2BD4C8C2D697}.Debug|x64.Build.0 = Debug|x64
		{6A36E823-52F4-427F-9A71-2BD4C8C2D697}.Debug|x86.ActiveCfg = Debug|Win32
		{6A36E823-52F4-427F-9A71-2BD4C8C2D697}.Debug|x86.Build.0 = Debug|Win32
		{6A36E823-52F4-427F-9A71-2BD4C8C2D697}.Release|x64.ActiveCfg = Release|x64
		{6A36E823-52F4-427F-9A71-2BD4C8C2D697}.Release|x64.Build.0 = Release|x64
		{6A36E823-52F4-427F-9A71-2BD4C8C2D697}.Release|x86.ActiveCfg = Release|Win32
		{6A36E823-52F4-427F-9A71-2BD4C8C2D697}.Release|x86.Build.0 = Release|Win32
		{C627BC1E-0A52-4351-A2A7-DCD780110220}.Debug|x64.ActiveCfg = Debug|x64
		{C627BC1E-0A52-4351-A2A7-DCD780110220}.Debug|x64.Build.0 = Debug|x64
		{C627BC1E-0A52-4351-A2A7-DCD780110220}.Debug|x86.ActiveCfg = Debug|Win32
		{C627BC1E-0A52-4351-A2A7-DCD780110220}.Debug|x86.Build.0 = Debug|Win32
		{C627BC1E-0A52-4351-A2A7-DCD780110220}.Release|x64.ActiveCfg = Release|x64
		{C627BC1E-0A52-4351-A2A7-DCD780110220}.Release|x64.Build.0 = Release|x64
		{C627BC1E-0A52-4351-A2A7-DCD780110220}.Release|x86.ActiveCfg = Release|Win32
		{C627BC1E-0A52-4351-A2A7-DCD780110220}.Release|x86.Build.0 = Release|Win32
		{7E3FD6F1-CB50-42BD-9182-102A5FE28456}.Debug|x64.ActiveCfg = Debug|x64
		{7E3FD6F1-CB50-42BD-9182-102A5FE28456}.Debug|x64.Build.0 = Debug|x64
		{7E3FD6F1-CB50-42BD-9182-102A5FE28456}.Debug|x86.ActiveCfg = Debug|Win32
		{7E3FD6F1-CB50-42BD-9182-102A5FE28456}.Debug|x86.Build.0 = Debug|Win32
		{7E3FD6F1-CB50-42BD-9182-102A5FE28456}.Release|x64.ActiveCfg = Release|x64
		{7E3FD6F1-CB50-42BD-9182-102A5FE28456}.Release|x64.Build.0 = Release|x64
		{7E3FD6F1-CB50-42BD-9182-102A5FE28456}.Release|x86.ActiveCfg = Release|Win32
		{7E3FD6F1-CB50-42BD-9182-102A5FE28456}.Release|x86.Build.0 = Release|Win32
		{32955454-EAAE-4A7A-914B-A513C028177A}.Debug|x64.ActiveCfg = Debug|x64
		{32955454-EAAE-4A7A-914B-A513C028177A}.Debug|x64.Build.0 = Debug|x64
		{32955454-EAAE-4A7A-914B-A513C028177A}.Debug|x86.ActiveCfg = Debug|Win32
		{32955454-EAAE-4A7A-914B-A513C028177A}.Debug|x86.Build.0 = Debug|Win32
		{32955454-EAAE-4A7A-914B-A513C028177A}.Release|x64.ActiveCfg = Release|x64
		{32955454-EAAE-4A7A-914B-A513C028177A}.Release|x64.Build.0 = Release|x64
		{32955454-EAAE-4A7A-914B-A513C028177A}.Release|x86.ActiveCfg = Release|Win32
		{32955454-EAAE-4A7A-914B-A513C028177A}.Release|x86.Build.0 = Release|Win32
		{3333E436-0F70-49D8-A17C-D6FA7DDCE849}.Debug|x64.ActiveCfg = Debug|x64
		{3333E436-0F70-49D8-A17C-D6FA7DDCE849}.Debug|x64.Build.0 = Debug|x64
		{3333E436-0F70-49D8-A17C-D6FA7DDCE849}.Debug|x86.ActiveCfg = Debug|Win32
		{3333E436-0F70-49D8-A17C-D6FA7DDCE849}.Debug|x86.Build.0 = Debug|Win32
		{3333E436-0F70-49D8-A17C-D6FA7DDCE849}.Release|x64.ActiveCfg = Release|x64
		{3333E436-0F70-49D8-A17C-D6FA7DDCE849}.Release|x64.Build.0 = Release|x64
		{3333E436-0F70-49D8-A17C-D6FA7DDCE849}.Release|x86.ActiveCfg = Release|Win32
		{3333E436-0F70-49D8-A17C-D6FA7DDCE849}.Release|x86.Build.0 = Release|Win32
		{C3D0A305-9589-4BD8-A1A2-756DF3864ED5}.Debug|x64.ActiveCfg = Debug|x64
		{C3D0A305-9589-4BD8-A1A2-756DF3864ED5}.Debug|x64.Build.0 = Debug|x64
		{C3D0A305-9589-4BD8-A1A2-756DF3864ED5}.Debug|x86.ActiveCfg = Debug|Win32
		{C3D0A305-9589-4BD8-A1A2-756DF3864ED5}.Debug|x86.Build.0 = Debug|Win32
		{C3D0A305-9589-4BD8-A1A2-756DF3864ED5}.Release|x64.ActiveCfg = Release|x64
		{C3D0A305-9589-4BD8-A1A2-756DF3864ED5}.Release|x64.Build.0 = Release|x64
		{C3D0A305-9589-4BD8-A1A2-756DF3864ED5}.Release|x86.ActiveCfg = Release|Win32
		{C3D0A305-9589-4BD8-A1A2-756DF3864ED5}.Release|x86.Build.0 = Release|Win32
		{FD8270C2-5428-4A1F-A6E5-12DC0271F590}.Debug|x64.ActiveCfg = Debug|x64
		{FD8270C2-5428-4A1F-A6E5-12DC0271F590}.Debug|x64.Build.0 = Debug|x64
		{FD8270C2-5428-4A1F-A6E5-12DC0271F590}.Debug|x86.ActiveCfg = Debug|Win32
		{FD8270C2-5428-4A1F-A6E5-12DC0271F590}.Debug|x86.Build.0 = Debug|Win32
		{FD8270C2-5428-4A1F-A6E5-12DC0271F590}.Release|x64.ActiveCfg = Release|x64
		{FD8270C2-5428-4A1F-A6E5-12DC0271F590}.Release|x64.Build.0 = Release|x64
		{FD8270C2-5428-4A1F-A6E5-12DC0271F590}.Release|x86.ActiveCfg = Release|Win32
		{FD8270C2-5428-4A1F-A6E5-12DC0271F590}.Release|x86.Build.0 = Release|Win32
		{BD56790A-6759-44C0-86FD-A5D37509A654}.Debug|x64.ActiveCfg = Debug|x64
		{BD56790A-6759-44C0-86FD-A5D37509A654}.Debug|x64.Build.0 = Debug|x64
		{BD56790A-6759-44C0-86FD-A5D37509A654}.Debug|x86.ActiveCfg = Debug|Win32
		{BD56790A-6759-44C0-86FD-A5D37509A654}.Debug|x86.Build.0 = Debug|Win32
		{BD56790A-6759-44C0-86FD-A5D37509A654}.Release|x64.ActiveCfg = Release|x64
		{BD56790A-6759-44C0-86FD-A5D37509A654}.Release|x64.Build.0 = Release|x64
		{BD56790A-6759-44C0-86FD-A5D37509A654}.Release|x86.ActiveCfg = Release|Win32
		{BD56790A-6759-44C0-86FD-A5D37509A654}.Release|x86.Build.0 = Release|Win32
		{B438510E-D1A7-4307-ACFC-8EBEE2B2A098}.Debug|x64.ActiveCfg = Debug|x64
		{B438510E-D1A7-4307-ACFC-8EBEE2B2A098}.Debug|x64.Build.0 = Debug|x64
		{B438510E-D1A7-4307-ACFC-8EBEE2B2A098}.Debug|x86.ActiveCfg = Debug|Win32
		{B438510E-D1A7-4307-ACFC-8EBEE2B2A098}.Debug|x86.Build.0 = Debug|Win32
		{B438510E-D1A7-4307-ACFC-8EBEE2B2A098}.Release|x64.ActiveCfg = Release|x64
		{B438510E-D1A7-4307-ACFC-8EBEE2B2A098}.Release|x64.Build.0 = Release|x64
		{B438510E-D1A7-4307-ACFC-8EBEE2B2A098}.Release|x86.ActiveCfg = Release|Win32
		{B438510E-D1A7-4307-ACFC-8EBEE2B2A098}.Release|x86.Build.0 = Release|Win32
		{29895122-D7D2-40FD-93D1-9B5F5ADDD384}.Debug|x64.ActiveCfg = Debug|x64
		{29895122-D7D2-40FD-93D1-9B5F5ADDD384}.Debug|x64.Build.0 = Debug|x64
		{29895122-D7D2-40FD-93D1-9B5F5ADDD384}.Debug|x86.ActiveCfg = Debug|Win32
		{29895122-D7D2-40FD-93D1-9B5F5ADDD384}.Debug|x86.Build.0 = Debug|Win32
		{29895122-D7D2-40FD-93D1-9B5F5ADDD384}.Release|x64.ActiveCfg = Release|x64
		{29895122-D7D2-40FD-93D1-9B5F5ADDD384}.Release|x64.Build.0 = Release|x64
		{29895122-D7D2-40FD-93D1-9B5F5ADDD384}.Release|x86.ActiveCfg = Release|Win32
		{29895122-D7D2-40FD-93D1-9B5F5ADDD384}.Release|x86.Build.0 = Release|Win32
		{17CB6D19-F06C-4FEA-B839-8014D4A6AE4D}.Debug|x64.ActiveCfg = Debug|x64
		{17CB6D19-F06C-4FEA-B839-8014D4A6AE4D}.Debug|x64.Build.0 = Debug|x64
		{17CB6D19-F06C-4FEA-B839-8014D4A6AE4D}.Debug|x86.ActiveCfg = Debug|Win32
		{17CB6D19-F06C-4FEA-B839-8014D4A6AE4D}.Debug|x86.Build.0 = Debug|Win32
		{17CB6D19-F06C-4FEA-B839-8014D4A6AE4D}.Release|x64.ActiveCfg = Release|x64
		{17CB6D19-F06C-4FEA-B839-8014D4A6AE4D}.Release|x64.Build.0 = Release|x64
		{17CB6D19-F06C-4FEA-B839-8014D4A6AE4D}.Release|x86.ActiveCfg = Release|Win32
		{17CB6D19-F06C-4FEA-B839-8014D4A6AE4D}.Release|x86.Build.0 = Release|Win32
		{3285689E-02B6-4ECB-89C5-EABF0D3DD406}.Debug|x64.ActiveCfg = Debug|x64
		{3285689E-02B6-4ECB-89C5-EABF0D3DD406}.Debug|x64.Build.0 = Debug|x64
		{3285689E-02B6-4ECB-89C5-EABF0D3DD406}.Debug|x86.ActiveCfg = Debug|Win32
		{3285689E-02B6-4ECB-89C5-EABF0D3DD406}.Debug|x86.Build.0 = Debug|Win32
		{3285689E-02B6-4ECB-89C5-EABF0D3DD406}.Release|x64.ActiveCfg = Release|x64
		{3285689E-02B6-4ECB-89C5-EABF0D3DD406}.Release|x64.Build.0 = Release|x64
		{3285689E-02B6-4ECB-89C5-EABF0D3DD406}.Release|x86.ActiveCfg = Release|Win32
		{3285689E-02B6-4ECB-89C5-EABF0D3DD406}.Release|x86.Build.0 = Release|Win32
		{9551B0C7-E932-440E-AA7C-F997374CA91E}.Debug|x64.ActiveCfg = Debug|x64
		{9551B0C7-E932-440E-AA7C-F997374CA91E}.Debug|x64.Build.0 = Debug|x64
		{9551B0C7-E932-440E-AA7C-F997374CA91E}.Debug|x86.ActiveCfg = Debug|Win32
		{9551B0C7-E932-440E-AA7C-F997374CA91E}.Debug|x86.Build.0 = Debug|Win32
		{9551B0C7-E932-440E-AA7C-F997374CA91E}.Release|x64.ActiveCfg = Release|x64
		{9551B0C7-E932-440E-AA7C-F997374CA91E}.Release|x64.Build.0 = Release|x64
		{9551B0C7-E932-440E-AA7C-F997374CA91E}.Release|x86.ActiveCfg = Release|Win32
		{9551B0C7-E932-440E-AA7C-F997374CA91E}.Release|x86.Build.0 = Release|Win32
		{62B2BBD0-9A89-4F7D-86D8-2EB6C9283CA3}.Debug|x64.ActiveCfg = Debug|x64
		{62B2BBD0-9A89-4F7D-86D8-2EB6C9283CA3}.Debug|x64.Build.0 = Debug|x64
		{62B2BBD0-9A89-4F7D-86D8-2EB6C9283CA3}.Debug|x86.ActiveCfg = Debug|Win32
		{62B2BBD0-9A89-4F7D-86D8-2EB6C9283CA3}.Debug|x86.Build.0 = Debug|Win32
		{62B2BBD0-9A89-4F7D-86D8-2EB6C9283CA3}.Release|x64.ActiveCfg = Release|x64
		{62B2BBD0-9A89-4F7D-86D8-2EB6C9283CA3}.Release|x64.Build.0 = Release|x64
		{62B2BBD0-9A89-4F7D-86D8-2EB6C9283CA3}.Release|x86.ActiveCfg = Release|Win32
		{62B2BBD0-9A89-4F7D-86D8-2EB6C9283CA3}.Release|x86.Build.0 = Release|Win32
		{AC3BD41C-D159-4C53-8A2B-F90E18B2B48F}.Debug|x64.ActiveCfg = Debug|x64
		{AC3BD41C-D159-4C53-8A2B-F90E18B2B48F}.Debug|x64.Build.0 = Debug|x64
		{AC3BD41C-D159-4C53-8A2B-F90E18B2B48F}.Debug|x86.ActiveCfg = Debug|Win32
		{AC3BD41C-D159-4C53-8A2B-F90E18B2B48F}.Debug|x86.Build.0 = Debug|Win32
		{AC3BD41C-D159-4C53-8A2B-F90E18B2B48F}.Release|x64.ActiveCfg = Release|x64
		{AC3BD41C-D159-4C53-8A2B-F90E18B2B48F}.Release|x64.Build.0 = Release|x64
		{AC3BD41C-D159-4C53-8A2B-F90E18B2B48F}.Release|x86.ActiveCfg = Release|Win32
		{AC3BD41C-D159-4C53-8A2B-F90E18B2B48F}.Release|x86.Build.0 = Release|Win32
		{6FF3CDB8-85C3-4421-B5B4-7972C9F0C6F3}.Debug|x64.ActiveCfg = Debug|x64
		{6FF3CDB8-85C3-4421-B5B4-7972C9F0C6F3}.Debug|x64.Build.0 = Debug|x64
		{6FF3CDB8-85C3-4421-B5B4-7972C9F0C6F3}.Debug|x86.ActiveCfg = Debug|Win32
		{6FF3CDB8-85C3-4421-B5B4-7972C9F0C6F3}.Debug|x86.Build.0 = Debug|Win32
		{6FF3CDB8-85C3-4421-B5B4-7972C9F0C6F3}.Release|x64.ActiveCfg = Release|x64
		{6FF3CDB8-85C3-4421-B5B4-7972C9F0C6F3}.Release|x64.Build.0 = Release|x64
		{6FF3CDB8-85C3-4421-B5B4-7972C9F0C6F3}.Release|x86.ActiveCfg = Release|Win32
		{6FF3CDB8-85C3-4421-B5B4-7972C9F0C6F3}.Release|x86.Build.0 = Release|Win32
		{884407D3-FABC-421C-BD36-6F68ECF3E07A}.Debug|x64.ActiveCfg = Debug|x64
		{884407D3-FABC-421C-BD36-6F68ECF3E07A}.Debug|x64.Build.0 = Debug|x64
		{884407D3-FABC-421C-BD36-6F68ECF3E07A}.Debug|x86.ActiveCfg = Debug|Win32
		{884407D3-FABC-421C-BD36-6F68ECF3E07A}.Debug|x86.Build.0 = Debug|Win32
		{884407D3-FABC-421C-BD36-6F68ECF3E07A}.Release|x64.ActiveCfg = Release|x64
		{884407D3-FABC-421C-BD36-6F68ECF3E07A}.Release|x64.Build.0 = Release|x64
		{884407D3-FABC-421C-BD36-6F68ECF3E07A}.Release|x86.ActiveCfg = Release|Win32
		{884407D3-FABC-421C-BD36-6F68ECF3E07A}.Release|x86.Build.0 = Release|Win32
		{04747A43-486C-4CC5-985A-A58EE2C1F77E}.Debug|x64.ActiveCfg = Debug|x64
		{04747A43-486C-4CC5-985A-A58EE2C1F77E}.Debug|x64.Build.0 = Debug|x64
		{04747A43-486C-4CC5-985A-A58EE2C1F77E}.Debug|x86.ActiveCfg = Debug|Win32
		{04747A43-486C-4CC5-985A-A58EE2C1F77E}.Debug|x86.Build.0 = Debug|Win32
		{04747A43-486C-4CC5-985A-A58EE2C1F77E}.Release|x64.ActiveCfg = Release|x64
		{04747A43-486C-4CC5-985A-A58EE2C1F77E}.Release|x64.Build.0 = Release|x64
		{04747A43-486C-4CC5-985A-A58EE2C1F77E}.Release|x86.ActiveCfg = Release|Win32
		{04747A43-486C-4CC5-985A-A58EE2C1F77E}.Release|x86.Build.0 = Release|Win32
		{909B1592-EEA5-4AC1-ADB7-AAA565EE4067}.Debug|x64.ActiveCfg = Debug|x64
		{909B1592-EEA5-4AC1-ADB7-AAA565EE4067}.Debug|x64.Build.0 = Debug|x64
		{909B1592-EEA5-4AC1-ADB7-AAA565EE4067}.Debug|x86.ActiveCfg = Debug|Win32
		{909B1592-EEA5-4AC1-ADB7-AAA565EE4067}.Debug|x86.Build.0 = Debug|Win32
		{909B1592-EEA5-4AC1-ADB7-AAA565EE4067}.Release|x64.ActiveCfg = Release|x64
		{909B1592-EEA5-4AC1-ADB7-AAA565EE4067}.Release|x64.Build.0 = Release|x64
		{909B1592-EEA5-4AC1-ADB7-AAA565EE4067}.Release|x86.ActiveCfg = Release|Win32
		{909B1592-EEA5-4AC1-ADB7-AAA565EE4067}.Release|x86.Build.0 = Release|Win32
		{B19E65C1-5A48-4471-BEAE-AC4AFFDC65F0}.Debug|x64.ActiveCfg = Debug|x64
		{B19E65C1-5A48-4471-BEAE-AC4AFFDC65F0}.Debug|x64.Build.0 = Debug|x64
		{B19E65C1-5A48-4471-BEAE-AC4AFFDC65F0}.Debug|x86.ActiveCfg = Debug|Win32
		{B19E65C1-5A48-4471-BEAE-AC4AFFDC65F0}.Debug|x86.Build.0 = Debug|Win32
		{B19E65C1-5A48-4471-BEAE-AC4AFFDC65F0}.Release|x64.ActiveCfg = Release|x64
		{B19E65C1-5A48-4471-BEAE-AC4AFFDC65F0}.Release|x64.Build.0 = Release|x64
		{B19E65C1-5A48-4471-BEAE-AC4AFFDC65F0}.Release|x86.ActiveCfg = Release|Win32
		{B19E65C1-5A48-4471-BEAE-AC4AFFDC65F0}.Release|x86.Build.0 = Release|Win32
		{9D682CC6-E1E1-42AA-AFC7-2AE4CA8F0EAA}.Debug|x64.ActiveCfg = Debug|x64
		{9D682CC6-E1E1-42AA-AFC7-2AE4CA8F0EAA}.Debug|x64.Build.0 = Debug|x64
		{9D682CC6-E1E1-42AA-AFC7-2AE4CA8F0EAA}.Debug|x86.ActiveCfg = Debug|Win32
		{9D682CC6-E1E1-42AA-AFC7-2AE4CA8F0EAA}.Debug|x86.Build.0 = Debug|Win32
		{9D682CC6-E1E1-42AA-AFC7-2AE4CA8F0EAA}.Release|x64.ActiveCfg = Release|x64
		{9D682CC6-E1E1-42AA-AFC7-2AE4CA8F0EAA}.Release|x64.Build.0 = Release|x64
		{9D682CC6-E1E1-42AA-AFC7-2AE4CA8F0EAA}.Release|x86.ActiveCfg = Release|Win32
		{9D682CC6-E1E1-42AA-AFC7-2AE4CA8F0EAA}.Release|x86.Build.0 = Release|Win32
		{F6DF195F-9C67-4400-90CE-8061F2DDF3F9}.Debug|x64.ActiveCfg = Debug|x64
		{F6DF195F-9C67-4400-90CE-8061F2DDF3F9}.Debug|x64.Build.0 = Debug|x64
		{F6DF195F-9C67-4400-90CE-8061F2DDF3F9}.Debug|x86.ActiveCfg = Debug|Win32
		{F6DF195F-9C67-4400-90CE-8061F2DDF3F9}.Debug|x86.Build.0 = Debug|Win32
		{F6DF195F-9C67-4400-90CE-8061F2DDF3F9}.Release|x64.ActiveCfg = Release|x64
		{F6DF195F-9C67-4400-90CE-8061F2DDF3F9}.Release|x64.Build.0 = Release|x64
		{F6DF195F-9C67-4400-90CE-8061F2DDF3F9}.Release|x86.ActiveCfg = Release|Win32
		{F6DF195F-9C67-4400-90CE-8061F2DDF3F9}.Release|x86.Build.0 = Release|Win32
		{15B1B67E-034D-41E9-9509-5E7B14177130}.Debug|x64.ActiveCfg = Debug|x64
		{15B1B67E-034D-41E9-9509-5E7B14177130}.Debug|x64.Build.0 = Debug|x64
		{15B1B67E-034D-41E9-9509-5E7B14177130}.Debug|x86.ActiveCfg = Debug|Win32
		{15B1B67E-034D-41E9-9509-5E7B14177130}.Debug|x86.Build.0 = Debug|Win32
		{15B1B67E-034D-41E9-9509-5E7B14177130}.Release|x64.ActiveCfg = Release|x64
		{15B1B67E-034D-41E9-9509-5E7B14177130}.Release|x64.Build.0 = Release|x64
		{15B1B67E-034D-41E9-9509-5E7B14177130}.Release|x86.ActiveCfg = Release|Win32
		{15B1B67E-034D-41E9-9509-5E7B14177130}.Release|x86.Build.0 = Release|Win32
		{8B67FCF7-504D-4724-9319-190932F30B24}.Debug|x64.ActiveCfg = Debug|x64
		{8B67FCF7-504D-4724-9319-190932F30B24}.Debug|x64.Build.0 = Debug|x64
		{8B67FCF7-504D-4724-9319-190932F30B24}.Debug|x86.ActiveCfg = Debug|Win32
		{8B67FCF7-504D-4724-9319-190932F30B24}.Debug|x86.Build.0 = Debug|Win32
		{8B67FCF7-504D-4724-9319-190932F30B24}.Release|x64.ActiveCfg = Release|x64
		{8B67FCF7-504D-4724-9319-190932F30B24}.Release|x64.Build.0 = Release|x64
		{8B67FCF7-504D-4724-9319-190932F30B24}.Release|x86.ActiveCfg = Release|Win32
		{8B67FCF7-504D-4724-9319-190932F30B24}.Release|x86.Build.0 = Release|Win32
		{F0507656-1E17-4721-A1F8-CF763A38F631}.Debug|x64.ActiveCfg = Debug|x64
		{F0507656-1E17-4721-A1F8-CF763A38F631}.Debug|x64.Build.0 = Debug|x64
		{F0507656-1E17-4721-A1F8-CF763A38F631}.Debug|x86.ActiveCfg = Debug|Win32
		{F0507656-1E17-4721-A1F8-CF763A38F631}.Debug|x86.Build.0 = Debug|Win32
		{F0507656-1E17-4721-A1F8-CF763A38F631}.Release|x64.ActiveCfg = Release|x64
		{F0507656-1E17-4721-A1F8-CF763A38F631}.Release|x64.Build.0 = Release|x64
		{F0507656-1E17-4721-A1F8-CF763A38F631}.Release|x86.ActiveCfg = Release|Win32
		{F0507656-1E17-4721-A1F8-CF763A38F631}.Release|x86.Build.0 = Release|Win32
		{B1C844D3-852B-45A5-8D4A-B981B35E1E0C}.Debug|x64.ActiveCfg = Debug|x64
		{B1C844D3-852B-45A5-8D4A-B981B35E1E0C}.Debug|x64.Build.0 = Debug|x64
		{B1C844D3-852B-45A5-8D4A-B981B35E1E0C}.Debug|x86.ActiveCfg = Debug|Win32
		{B1C844D3-852B-45A5-8D4A-B981B35E1E0C}.Debug|x86.Build.0 = Debug|Win32
		{B1C844D3-852B-45A5-8D4A-B981B35E1E0C}.Release|x64.ActiveCfg = Release|x64
		{B1C844D3-852B-45A5-8D4A-B981B35E1E0C}.Release|x64.Build.0 = Release|x64
		{B1C844D3-852B-45A5-8D4A-B981B35E1E0C}.Release|x86.ActiveCfg = Release|Win32
		{B1C844D3-852B-45A5-8D4A-B981B35E1E0C}.Release|x86.Build.0 = Release|Win32
		{EA296BE2-6BD5-4DF0-8C4F-09BC638FEE5A}.Debug|x64.ActiveCfg = Debug|x64
		{EA296BE2-6BD5-4DF0-8C4F-09BC638FEE5A}.Debug|x64.Build.0 = Debug|x64
		{EA296BE2-6BD5-4DF0-8C4F-09BC638FEE5A}.Debug|x86.ActiveCfg = Debug|Win32
		{EA296BE2-6BD5-4DF0-8C4F-09BC638FEE5A}.Debug|x86.Build.0 = Debug|Win32
		{EA296BE2-6BD5-4DF0-8C4F-09BC638FEE5A}.Release|x64.ActiveCfg = Release|x64
		{EA296BE2-6BD5-4DF0-8C4F-09BC638FEE5A}.Release|x64.Build.0 = Release|x64
		{EA296BE2-6BD5-4DF0-8C4F-09BC638FEE5A}.Release|x86.ActiveCfg = Release|Win32
		{EA296BE2-6BD5-4DF0-8C4F-09BC638FEE5A}.Release|x86.Build.0 = Release|Win32
		{F0329045-56FA-4C79-88FF-CA2091C34538}.Debug|x64.ActiveCfg = Debug|x64
		{F0329045-56FA-4C79-88FF-CA2091C34538}.Debug|x64.Build.0 = Debug|x64
		{F0329045-56FA-4C79-88FF-CA2091C34538}.Debug|x86.ActiveCfg = Debug|Win32
		{F0329045-56FA-4C79-88FF-CA2091C34538}.Debug|x86.Build.0 = Debug|Win32
		{F0329045-56FA-4C79-88FF-CA2091C34538}.Release|x64.ActiveCfg = Release|x64
		{F0329045-56FA-4C79-88FF-CA2091C34538}.Release|x64.Build.0 = Release|x64
		{F0329045-56FA-4C79-88FF-CA2091C34538}.Release|x86.ActiveCfg = Release|Win32
		{F0329045-56FA-4C79-88FF-CA2091C34538}.Release|x86.Build.0 = Release|Win32
		{C8778829-5F7C-478C-B587-827775F555B0}.Debug|x64.ActiveCfg = Debug|x64
		{C8778829-5F7C-478C-B587-827775F555B0}.Debug|x64.Build.0 = Debug|x64
		{C8778829-5F7C-478C-B587-827775F555B0}.Debug|x86.ActiveCfg = Debug|Win32
		{C8778829-5F7C-478C-B587-827775F555B0}.Debug|x86.Build.0 = Debug|Win32
		{C8778829-5F7C-478C-B587-827775F555B0}.Release|x64.ActiveCfg = Release|x64
		{C8778829-5F7C-478C-B587-827775F555B0}.Release|x64.Build.0 = Release|x64
		{C8778829-5F7C-478C-B587-827775F555B0}.Release|x86.ActiveCfg = Release|Win32
		{C8778829-5F7C-478C-B587-827775F555B0}.Release|x86.Build.0 = Release|Win32
		{B926BF20-26AE-4A44-BF1C-21438C5D33CC}.Debug|x64.ActiveCfg = Debug|x64
		{B926BF20-26AE-4A44-BF1C-21438C5D33CC}.Debug|x64.Build.0 = Debug|x64
		{B926BF20-26AE-4A44-BF1C-21438C5D33CC}.Debug|x86.ActiveCfg = Debug|Win32
		{B926BF20-26AE-4A44-BF1C-21438C5D33CC}.Debug|x86.Build.0 = Debug|Win32
		{B926BF20-26AE-4A44-BF1C-21438C5D33CC}.Release|x64.ActiveCfg = Release|x64
		{B926BF20-26AE-4A44-BF1C-21438C5D33CC}.Release|x64.Build.0 = Release|x64
		{B926BF20-26AE-4A44-BF1C-21438C5D33CC}.Release|x86.ActiveCfg = Release|Win32
		{B926BF20-26AE-4A44-BF1C-21438C5D33CC}.Release|x86.Build.0 = Release|Win32
		{C38C9835-7AB1-4747-BE5C-5E4A6B6A09C8}.Debug|x64.ActiveCfg = Debug|x64
		{C38C9835-7AB1-4747-BE5C-5E4A6B6A09C8}.Debug|x64.Build.0 = Debug|x64
		{C38C9835-7AB1-4747-BE5C-5E4A6B6A09C8}.Debug|x86.ActiveCfg = Debug|Win32
		{C38C9835-7AB1-4747-BE5C-5E4A6B6A09C8}.Debug|x86.Build.0 = Debug|Win32
		{C38C9835-7AB1-4747-BE5C-5E4A6B6A09C8}.Release|x64.ActiveCfg = Release|x64
		{C38C9835-7AB1-4747-BE5C-5E4A6B6A09C8}.Release|x64.Build.0 = Release|x64
		{C38C9835-7AB1-4747-BE5C-5E4A6B6A09C8}.Release|x86.ActiveCfg = Release|Win32
		{C38C9835-7AB1-4747-BE5C-5E4A6B6A09C8}.Release|x86.Build.0 = Release|Win32
		{8ACD11E5-A618-4341-9544-F074699B7F21}.Debug|x64.ActiveCfg = Debug|x64
		{8ACD11E5-A618-4341-9544-F074699B7F21}.Debug|x64.Build.0 = Debug|x64
		{8ACD11E5-A618-4341-9544-F074699B7F21}.Debug|x86.ActiveCfg = Debug|Win32
		{8ACD11E5-A618-4341-9544-F074699B7F21}.Debug|x86.Build.0 = Debug|Win32
		{8ACD11E5-A618-4341-9544-F074699B7F21}.Release|x64.ActiveCfg = Release|x64
		{8ACD11E5-A618-4341-9544-F074699B7F21}.Release|x64.Build.0 = Release|x64
		{8ACD11E5-A618-4341-9544-F074699B7F21}.Release|x86.ActiveCfg = Release|Win32
		{8ACD11E5-A618-4341-9544-F074699B7F21}.Release|x86.Build.0 = Release|Win32
		{AEC69E70-0DE2-41E1-A24B-DD03F4DB719F}.Debug|x64.ActiveCfg = Debug|x64
		{AEC69E70-0DE2-41E1-A24B-DD03F4DB719F}.Debug|x64.Build.0 = Debug|x64
		{AEC69E70-0DE2-41E1-A24B-DD03F4DB719F}.Debug|x86.ActiveCfg = Debug|Win32
		{AEC69E70-0DE2-41E1-A24B-DD03F4DB719F}.Debug|x86.Build.0 = Debug|Win32
		{AEC69E70-0DE2-41E1-A24B-DD03F4DB719F}.Release|x64.ActiveCfg = Release|x64
		{AEC69E70-0DE2-41E1-A24B-DD03F4DB719F}.Release|x64.Build.0 = Release|x64
		{AEC69E70-0DE2-41E1-A24B-DD03F4DB719F}.Release|x86.ActiveCfg = Release|Win32
		{AEC69E70-0DE2-41E1-A24B-DD03F4DB719F}.Release|x86.Build.0 = Release|Win32
		{7C148111-4A41-4DD7-AF54-502BEECE7CC6}.Debug|x64.ActiveCfg = Debug|x64
		{7C148111-4A41-4DD7-AF54-502BEECE7CC6}.Debug|x64.Build.0 = Debug|x64
		{7C148111-4A41-4DD7-AF54-502BEECE7CC6}.Debug|x86.ActiveCfg = Debug|Win32
		{7C148111-4A41-4DD7-AF54-502BEECE7CC6}.Debug|x86.Build.0 = Debug|Win32
		{7C148111-4A41-4DD7-AF54-502BEECE7CC6}.Release|x64.ActiveCfg = Release|x64
		{7C148111-4A41-4DD7-AF54-502BEECE7CC6}.Release|x64.Build.0 = Release|x64
		{7C148111-4A41-4DD7-AF54-502BEECE7CC6}.Release|x86.ActiveCfg = Release|Win32
		{7C148111-4A41-4DD7-AF54-502BEECE7CC6}.Release|x86.Build.0 = Release|Win32
		{7EBCC02A-0F60-4278-960F-D8A3E4518CD7}.Debug|x64.ActiveCfg = Debug|x64
		{7EBCC02A-0F60-4278-960F-D8A3E4518CD7}.Debug|x64.Build.0 = Debug|x64
		{7EBCC02A-0F60-4278-960F-D8A3E4518CD7}.Debug|x86.ActiveCfg = Debug|Win32
		{7EBCC02A-0F60-4278-960F-D8A3E4518CD7}.Debug|x86.Build.0 = Debug|Win32
		{7EBCC02A-0F60-4278-960F-D8A3E4518CD7}.Release|x64.ActiveCfg = Release|x64
		{7EBCC02A-0F60-4278-960F-D8A3E4518CD7}.Release|x64.Build.0 = Release|x64
		{7EBCC02A-0F60-4278-960F-D8A3E4518CD7}.Release|x86.ActiveCfg = Release|Win32
		{7EBCC02A-0F60-4278-960F-D8A3E4518CD7}.Release|x86.Build.0 = Release|Win32
		{80AC9639-F390-4715-9809-97F0D0C2FBB4}.Debug|x64.ActiveCfg = Debug|x64
		{80AC9639-F390-4715-9809-97F0D0C2FBB4}.Debug|x64.Build.0 = Debug|x64
		{80AC9639-F390-4715-9809-97F0D0C2FBB4}.Debug|x86.ActiveCfg = Debug|Win32
		{80AC9639-F390-4715-9809-97F0D0C2FBB4}.Debug|x86.Build.0 = Debug|Win32
		{80AC9639-F390-4715-9809-97F0D0C2FBB4}.Release|x64.ActiveCfg = Release|x64
		{80AC9639-F390-4715-9809-97F0D0C2FBB4}.Release|x64.Build.0 = Release|x64
		{80AC9639-F390-4715-9809-97F0D0C2FBB4}.Release|x86.ActiveCfg = Release|Win32
		{80AC9639-F390-4715-9809-97F0D0C2FBB4}.Release|x86.Build.0 = Release|Win32
		{538693AB-F653-4712-8BE5-BA3688D6E89A}.Debug|x64.ActiveCfg = Debug|x64
		{538693AB-F653-4712-8BE5-BA3688D6E89A}.Debug|x64.Build.0 = Debug|x64
		{538693AB-F653-4712-8BE5-BA3688D6E89A}.Debug|x86.ActiveCfg = Debug|Win32
		{538693AB-F653-4712-8BE5-BA3688D6E89A}.Debug|x86.Build.0 = Debug|Win32
		{538693AB-F653-4712-8BE5-BA3688D6E89A}.Release|x64.ActiveCfg = Release|x64
		{538693AB-F653-4712-8BE5-BA3688D6E89A}.Release|x64.Build.0 = Release|x64
		{538693AB-F653-4712-8BE5-BA3688D6E89A}.Release|x86.ActiveCfg = Release|Win32
		{538693AB-F653-4712-8BE5-BA3688D6E89A}.Release|x86.Build.0 = Release|Win32
		{38B45085-8964-43E8-B0A7-9B8151950DA8}.Debug|x64.ActiveCfg = Debug|x64
		{38B45085-8964-43E8-B0A7-9B8151950DA8}.Debug|x64.Build.0 = Debug|x64
		{38B45085-8964-43E8-B0A7-9B8151950DA8}.Debug|x86.ActiveCfg = Debug|Win32
		{38B45085-8964-43E8-B0A7-9B8151950DA8}.Debug|x86.Build.0 = Debug|Win32
		{38B45085-8964-43E8-B0A7-9B8151950DA8}.Release|x64.ActiveCfg = Release|x64
		{38B45085-8964-43E8-B0A7-9B8151950DA8}.Release|x64.Build.0 = Release|x64
		{38B45085-8964-43E8-B0A7-9B8151950DA8}.Release|x86.ActiveCfg = Release|Win32
		{38B45085-8964-43E8-B0A7-9B8151950DA8}.Release|x86.Build.0 = Release|Win32
		{325615AC-BE68-4D68-817E-0F8D8AC85FC0}.Debug|x64.ActiveCfg = Debug|x64
		{325615AC-BE68-4D68-817E-0F8D8AC85FC0}.Debug|x64.Build.0 = Debug|x64
		{325615AC-BE68-4D68-817E-0F8D8AC85FC0}.Debug|x86.ActiveCfg = Debug|Win32
		{325615AC-BE68-4D68-817E-0F8D8AC85FC0}.Debug|x86.Build.0 = Debug|Win32
		{325615AC-BE68-4D68-817E-0F8D8AC85FC0}.Release|x64.ActiveCfg = Release|x64
		{325615AC-BE68-4D68-817E-0F8D8AC85FC0}.Release|x64.Build.0 = Release|x64
		{325615AC-BE68-4D68-817E-0F8D8AC85FC0}.Release|x86.ActiveCfg = Release|Win32
		{325615AC-BE68-4D68-817E-0F8D8AC85FC0}.Release|x86.Build.0 = Release|Win32
		{2B811200-943F-498D-ABFA-9801BE14FF30}.Debug|x64.ActiveCfg = Debug|x64
		{2B811200-943F-498D-ABFA-9801BE14FF30}.Debug|x64.Build.0 = Debug|x64
		{2B811200-943F-498D-ABFA-9801BE14FF30}.Debug|x86.ActiveCfg = Debug|Win32
		{2B811200-943F-498D-ABFA-9801BE14FF30}.Debug|x86.Build.0 = Debug|Win32
		{2B811200-943F-498D-ABFA-9801BE14FF30}.Release|x64.ActiveCfg = Release|x64
		{2B811200-943F-498D-ABFA-9801BE14FF30}.Release|x64.Build.0 = Release|x64
		{2B811200-943F-498D-ABFA-9801BE14FF30}.Release|x86.ActiveCfg = Release|Win32
		{2B811200-943F-498D-ABFA-9801BE14FF30}.Release|x86.Build.0 = Release|Win32
		{3F83740C-CEC7-4021-804D-D4D640E4BB13}.Debug|x64.ActiveCfg = Debug|x64
		{3F83740C-CEC7-4021-804D-D4D640E4BB13}.Debug|x64.Build.0 = Debug|x64
		{3F83740C-CEC7-4021-804D-D4D640E4BB13}.Debug|x86.ActiveCfg = Debug|Win32
		{3F83740C-CEC7-4021-804D-D4D640E4BB13}.Debug|x86.Build.0 = Debug|Win32
		{3F83740C-CEC7-4021-804D-D4D640E4BB13}.Release|x64.ActiveCfg = Release|x64
		{3F83740C-CEC7-4021-804D-D4D640E4BB13}.Release|x64.Build.0 = Release|x64
		{3F83740C-CEC7-4021-804D-D4D640E4BB13}.Release|x86.ActiveCfg = Release|Win32
		{3F83740C-CEC7-4021-804D-D4D640E4BB13}.Release|x86.Build.0 = Release|Win32
		{C108B064-BE66-4D82-B468-C1C8FDB03FE7}.Debug|x64.ActiveCfg = Debug|x64
		{C108B064-BE66-4D82-B468-C1C8FDB03FE7}.Debug|x64.Build.0 = Debug|x64
		{C108B064-BE66-4D82-B468-C1C8FDB03FE7}.Debug|x86.ActiveCfg = Debug|Win32
		{C108B064-BE66-4D82-B468-C1C8FDB03FE7}.Debug|x86.Build.0 = Debug|Win32
		{C108B064-BE66-4D82-B468-C1C8FDB03FE7}.Release|x64.ActiveCfg = Release|x64
		{C108B064-BE66-4D82-B468-C1C8FDB03FE7}.Release|x64.Build.0 = Release|x64
		{C108B064-BE66-4D82-B468-C1C8FDB03FE7}.Release|x86.ActiveCfg = Release|Win32
		{C108B064-BE66-4D82-B468-C1C8FDB03FE7}.Release|x86.Build.0 = Release|Win32
		{296751D1-B185-4A24-8667-EDD64DB84800}.Debug|x64.ActiveCfg = Debug|x64
		{296751D1-B185-4A24-8667-EDD64DB84800}.Debug|x64.Build.0 = Debug|x64
		{296751D1-B185-4A24-8667-EDD64DB84800}.Debug|x86.ActiveCfg = Debug|Win32
		{296751D1-B185-4A24-8667-EDD64DB84800}.Debug|x86.Build.0 = Debug|Win32
		{296751D1-B185-4A24-8667-EDD64DB84800}.Release|x64.ActiveCfg = Release|x64
		{296751D1-B185-4A24-8667-EDD64DB84800}.Release|x64.Build.0 = Release|x64
		{296751D1-B185-4A24-8667-EDD64DB84800}.Release|x86.ActiveCfg = Release|Win32
		{296751D1-B185-4A24-8667-EDD64DB84800}.Release|x86.Build.0 = Release|Win32
		{AFB2AD0F-F1AD-45CF-9EF1-B348F8AA920D}.Debug|x64.ActiveCfg = Debug|x64
		{AFB2AD0F-F1AD-45CF-9EF1-B348F8AA920D}.Debug|x64.Build.0 = Debug|x64
		{AFB2AD0F-F1AD-45CF-9EF1-B348F8AA920D}.Debug|x86.ActiveCfg = Debug|Win32
		{AFB2AD0F-F1AD-45CF-9EF1-B348F8AA920D}.Debug|x86.Build.0 = Debug|Win32
		{AFB2AD0F-F1AD-45CF-9EF1-B348F8AA920D}.Release|x64.ActiveCfg = Release|x64
		{AFB2AD0F-F1AD-45CF-9EF1-B348F8AA920D}.Release|x64.Build.0 = Release|x64
		{AFB2AD0F-F1AD-45CF-9EF1-B348F8AA920D}.Release|x86.ActiveCfg = Release|Win32
		{AFB2AD0F-F1AD-45CF-9EF1-B348F8AA920D}.Release|x86.Build.0 = Release|Win32
		{C4BE99DF-0F8B-459B-9DB6-58942737ABD0}.Debug|x64.ActiveCfg = Debug|x64
		{C4BE99DF-0F8B-459B-9DB6-58942737ABD0}.Debug|x64.Build.0 = Debug|x64
		{C4BE99DF-0F8B-459B-9DB6-58942737ABD0}.Debug|x86.ActiveCfg = Debug|Win32
		{C4BE99DF-0F8B-459B-9DB6-58942737ABD0}.Debug|x86.Build.0 = Debug|Win32
		{C4BE99DF-0F8B-459B-9DB6-58942737ABD0}.Release|x64.ActiveCfg = Release|x64
		{C4BE99DF-0F8B-459B-9DB6-58942737ABD0}.Release|x64.Build.0 = Release|x64
		{C4BE99DF-0F8B-459B-9DB6-58942737ABD0}.Release|x86.ActiveCfg = Release|Win32
		{C4BE99DF-0F8B-459B-9DB6-58942737ABD0}.Release|x86.Build.0 = Release|Win32
		{CAC58D2D-9C8A-4C2B-A11B-710D4DC4C3DC}.Debug|x64.ActiveCfg = Debug|x64
		{CAC58D2D-9C8A-4C2B-A11B-710D4DC4C3DC}.Debug|x64.Build.0 = Debug|x64
		{CAC58D2D-9C8A-4C2B-A11B-710D4DC4C3DC}.Debug|x86.ActiveCfg = Debug|Win32
		{CAC58D2D-9C8A-4C2B-A11B-710D4DC4C3DC}.Debug|x86.Build.0 = Debug|Win32
		{CAC58D2D-9C8A-4C2B-A11B-710D4DC4C3DC}.Release|x64.ActiveCfg = Release|x64
		{CAC58D2D-9C8A-4C2B-A11B-710D4DC4C3DC}.Release|x64.Build.0 = Release|x64
		{CAC58D2D-9C8A-4C2B-A11B-710D4DC4C3DC}.Release|x86.ActiveCfg = Release|Win32
		{CAC58D2D-9C8A-4C2B-A11B-710D4DC4C3DC}.Release|x86.Build.0 = Release|Win32
		{74659842-CC76-40CD-9233-44B655C9F462}.Debug|x64.ActiveCfg = Debug|x64
		{74659842-CC76-40CD-9233-44B655C9F462}.Debug|x64.Build.0 = Debug|x64
		{74659842-CC76-40CD-9233-44B655C9F462}.Debug|x86.ActiveCfg = Debug|Win32
		{74659842-CC76-40CD-9233-44B655C9F462}.Debug|x86.Build.0 = Debug|Win32
		{74659842-CC76-40CD-9233-44B655C9F462}.Release|x64.ActiveCfg = Release|x64
		{74659842-CC76-40CD-9233-44B655C9F462}.Release|x64.Build.0 = Release|x64
		{74659842-CC76-40CD-9233-44B655C9F462}.Release|x86.ActiveCfg = Release|Win32
		{74659842-CC76-40CD-9233-44B655C9F462}.Release|x86.Build.0 = Release|Win32
		{1D6796C1-505A-43AE-A54F-4B3D5C103712}.Debug|x64.ActiveCfg = Debug|x64
		{1D6796C1-505A-43AE-A54F-4B3D5C103712}.Debug|x64.Build.0 = Debug|x64
		{1D6796C1-505A-43AE-A54F-4B3D5C103712}.Debug|x86.ActiveCfg = Debug|Win32
		{1D6796C1-505A-43AE-A54F-4B3D5C103712}.Debug|x86.Build.0 = Debug|Win32
		{1D6796C1-505A-43AE-A54F-4B3D5C103712}.Release|x64.ActiveCfg = Release|x64
		{1D6796C1-505A-43AE-A54F-4B3D5C103712}.Release|x64.Build.0 = Release|x64
		{1D6796C1-505A-43AE-A54F-4B3D5C103712}.Release|x86.ActiveCfg = Release|Win32
		{1D6796C1-505A-43AE-A54F-4B3D5C103712}.Release|x86.Build.0 = Release|Win32
		{4A2C7EF9-9868-4D8D-AF1F-352ECE099C83}.Debug|x64.ActiveCfg = Debug|x64
		{4A2C7EF9-9868-4D8D-AF1F-352ECE099C83}.Debug|x64.Build.0 = Debug|x64
		{4A2C7EF9-9868-4D8D-AF1F-352ECE099C83}.Debug|x86.ActiveCfg = Debug|Win32
		{4A2C7EF9-9868-4D8D-AF1F-352ECE099C83}.Debug|x86.Build.0 = Debug|Win32
		{4A2C7EF9-9868-4D8D-AF1F-352ECE099C83}.Release|x64.ActiveCfg = Release|x64
		{4A2C7EF9-9868-4D8D-AF1F-352ECE099C83}.Release|x64.Build.0 = Release|x64
		{4A2C7EF9-9868-4D8D-AF1F-352ECE099C83}.Release|x86.ActiveCfg = Release|Win32
		{4A2C7EF9-9868-4D8D-AF1F-352ECE099C83}.Release|x86.Build.0 = Release|Win32
		{79AB023F-5C54-4DD0-8DCB-BE86F7D31E1C}.Debug|x64.ActiveCfg = Debug|x64
		{79AB023F-5C54-4DD0-8DCB-BE86F7D31E1C}.Debug|x64.Build.0 = Debug|x64
		{79AB023F-5C54-4DD0-8DCB-BE86F7D31E1C}.Debug|x86.ActiveCfg = Debug|Win32
		{79AB023F-5C54-4DD0-8DCB-BE86F7D31E1C}.Debug|x86.Build.0 = Debug|Win32
		{79AB023F-5C54-4DD0-8DCB-BE86F7D31E1C}.Release|x64.ActiveCfg = Release|x64
		{79AB023F-5C54-4DD0-8DCB-BE86F7D31E1C}.Release|x64.Build.0 = Release|x64
		{79AB023F-5C54-4DD0-8DCB-BE86F7D31E1C}.Release|x86.ActiveCfg = Release|Win32
		{79AB023F-5C54-4DD0-8DCB-BE86F7D31E1C}.Release|x86.Build.0 = Release|Win32
		{878BFE82-8526-4087-83B8-148C0D7B6DE2}.Debug|x64.ActiveCfg = Debug|x64
		{878BFE82-8526-4087-83B8-148C0D7B6DE2}.Debug|x64.Build.0 = Debug|x64
		{878BFE82-8526-4087-83B8-148C0D7B6DE2}.Debug|x86.ActiveCfg = Debug|Win32
		{878BFE82-8526-4087-83B8-148C0D7B6DE2}.Debug|x86.Build.0 = Debug|Win32
		{878BFE82-8526-4087-83B8-148C0D7B6DE2}.Release|x64.ActiveCfg = Release|x64
		{878BFE82-8526-4087-83B8-148C0D7B6DE2}.Release|x64.Build.0 = Release|x64
		{878BFE82-8526-4087-83B8-148C0D7B6DE2}.Release|x86.ActiveCfg = Release|Win32
		{878BFE82-8526-4087-83B8-148C0D7B6DE2}.Release|x86.Build.0 = Release|Win32
	EndGlobalSection
	GlobalSection(SolutionProperties) = preSolution
		HideSolutionNode = FALSE
	EndGlobalSection
	GlobalSection(ExtensibilityGlobals) = postSolution
		SolutionGuid = {DE209EB9-EBB3-49DA-94A9-2320B2C7384C}
	EndGlobalSection
EndGlobal
